
Microsoft Visual Studio Solution File, Format Version 12.00
# Visual Studio Version 17
VisualStudioVersion = 17.9.34714.143
MinimumVisualStudioVersion = 10.0.40219.1
Project("{FAE04EC0-301F-11D3-BF4B-00C04F79EFBC}") = "YogaAPI", "YogaAPI\YogaAPI.csproj", "{28B08EF4-6855-4701-B4A0-F753752E2A30}"
EndProject
Project("{FAE04EC0-301F-11D3-BF4B-00C04F79EFBC}") = "DAO", "DAO\DAO.csproj", "{E7D14F33-EB69-4D13-9DE2-B959076F25D4}"
EndProject
Project("{FAE04EC0-301F-11D3-BF4B-00C04F79EFBC}") = "Entity", "Entity\Entity.csproj", "{D1E20DE1-35F1-40B2-8416-777B506CAD75}"
EndProject
Project("{FAE04EC0-301F-11D3-BF4B-00C04F79EFBC}") = "REPO", "REPO\REPO.csproj", "{CE8BAF0D-806A-41EA-8870-54FF91FBA4B2}"
EndProject
Global
	GlobalSection(SolutionConfigurationPlatforms) = preSolution
		Debug|Any CPU = Debug|Any CPU
		Release|Any CPU = Release|Any CPU
	EndGlobalSection
	GlobalSection(ProjectConfigurationPlatforms) = postSolution
		{28B08EF4-6855-4701-B4A0-F753752E2A30}.Debug|Any CPU.ActiveCfg = Debug|Any CPU
		{28B08EF4-6855-4701-B4A0-F753752E2A30}.Debug|Any CPU.Build.0 = Debug|Any CPU
		{28B08EF4-6855-4701-B4A0-F753752E2A30}.Release|Any CPU.ActiveCfg = Release|Any CPU
		{28B08EF4-6855-4701-B4A0-F753752E2A30}.Release|Any CPU.Build.0 = Release|Any CPU
		{E7D14F33-EB69-4D13-9DE2-B959076F25D4}.Debug|Any CPU.ActiveCfg = Debug|Any CPU
		{E7D14F33-EB69-4D13-9DE2-B959076F25D4}.Debug|Any CPU.Build.0 = Debug|Any CPU
		{E7D14F33-EB69-4D13-9DE2-B959076F25D4}.Release|Any CPU.ActiveCfg = Release|Any CPU
		{E7D14F33-EB69-4D13-9DE2-B959076F25D4}.Release|Any CPU.Build.0 = Release|Any CPU
		{D1E20DE1-35F1-40B2-8416-777B506CAD75}.Debug|Any CPU.ActiveCfg = Debug|Any CPU
		{D1E20DE1-35F1-40B2-8416-777B506CAD75}.Debug|Any CPU.Build.0 = Debug|Any CPU
		{D1E20DE1-35F1-40B2-8416-777B506CAD75}.Release|Any CPU.ActiveCfg = Release|Any CPU
		{D1E20DE1-35F1-40B2-8416-777B506CAD75}.Release|Any CPU.Build.0 = Release|Any CPU
		{CE8BAF0D-806A-41EA-8870-54FF91FBA4B2}.Debug|Any CPU.ActiveCfg = Debug|Any CPU
		{CE8BAF0D-806A-41EA-8870-54FF91FBA4B2}.Debug|Any CPU.Build.0 = Debug|Any CPU
		{CE8BAF0D-806A-41EA-8870-54FF91FBA4B2}.Release|Any CPU.ActiveCfg = Release|Any CPU
		{CE8BAF0D-806A-41EA-8870-54FF91FBA4B2}.Release|Any CPU.Build.0 = Release|Any CPU
	EndGlobalSection
	GlobalSection(SolutionProperties) = preSolution
		HideSolutionNode = FALSE
	EndGlobalSection
	GlobalSection(ExtensibilityGlobals) = postSolution
		SolutionGuid = {04F3799D-4C0C-485D-8F0E-58B7316C4057}
	EndGlobalSection
EndGlobal
